// !$*UTF8*$!
{
	archiveVersion = 1;
	classes = {
	};
	objectVersion = 46;
	objects = {

/* Begin PBXBuildFile section */
		8A1605171EF6EE0300F9E916 /* Input.cpp in Sources */ = {isa = PBXBuildFile; fileRef = 8A1605151EF6EE0300F9E916 /* Input.cpp */; };
		8A16051B1EF6FA3900F9E916 /* Controller.cpp in Sources */ = {isa = PBXBuildFile; fileRef = 8A1605191EF6FA3900F9E916 /* Controller.cpp */; };
		8AC912651EF6D2150095AA9B /* Game.cpp in Sources */ = {isa = PBXBuildFile; fileRef = 8AC912631EF6D2150095AA9B /* Game.cpp */; };
		8AC912681EF6D3020095AA9B /* OCPP_Game.mm in Sources */ = {isa = PBXBuildFile; fileRef = 8AC912671EF6D3020095AA9B /* OCPP_Game.mm */; };
		8AE985061E5B110F00EA0EA5 /* main.swift in Sources */ = {isa = PBXBuildFile; fileRef = 8AE985051E5B110F00EA0EA5 /* main.swift */; };
		8AE9850D1E5B128300EA0EA5 /* PAView.swift in Sources */ = {isa = PBXBuildFile; fileRef = 8AE9850C1E5B128300EA0EA5 /* PAView.swift */; };
		8AE9850F1E5B135D00EA0EA5 /* PAViewController.swift in Sources */ = {isa = PBXBuildFile; fileRef = 8AE9850E1E5B135D00EA0EA5 /* PAViewController.swift */; };
/* End PBXBuildFile section */

/* Begin PBXCopyFilesBuildPhase section */
		8AE985001E5B110F00EA0EA5 /* CopyFiles */ = {
			isa = PBXCopyFilesBuildPhase;
			buildActionMask = 2147483647;
			dstPath = /usr/share/man/man1/;
			dstSubfolderSpec = 0;
			files = (
			);
			runOnlyForDeploymentPostprocessing = 1;
		};
/* End PBXCopyFilesBuildPhase section */

/* Begin PBXFileReference section */
		8A1605151EF6EE0300F9E916 /* Input.cpp */ = {isa = PBXFileReference; fileEncoding = 4; lastKnownFileType = sourcecode.cpp.cpp; path = Input.cpp; sourceTree = "<group>"; };
		8A1605161EF6EE0300F9E916 /* Input.hpp */ = {isa = PBXFileReference; fileEncoding = 4; lastKnownFileType = sourcecode.cpp.h; path = Input.hpp; sourceTree = "<group>"; };
		8A1605181EF6EF0900F9E916 /* Types.hpp */ = {isa = PBXFileReference; fileEncoding = 4; lastKnownFileType = sourcecode.cpp.h; path = Types.hpp; sourceTree = "<group>"; };
		8A1605191EF6FA3900F9E916 /* Controller.cpp */ = {isa = PBXFileReference; fileEncoding = 4; lastKnownFileType = sourcecode.cpp.cpp; path = Controller.cpp; sourceTree = "<group>"; };
		8A16051A1EF6FA3900F9E916 /* Controller.hpp */ = {isa = PBXFileReference; fileEncoding = 4; lastKnownFileType = sourcecode.cpp.h; path = Controller.hpp; sourceTree = "<group>"; };
		8AC9125F1EF6CCBB0095AA9B /* Brigde.h */ = {isa = PBXFileReference; lastKnownFileType = sourcecode.c.h; path = Brigde.h; sourceTree = "<group>"; };
		8AC912631EF6D2150095AA9B /* Game.cpp */ = {isa = PBXFileReference; fileEncoding = 4; lastKnownFileType = sourcecode.cpp.cpp; path = Game.cpp; sourceTree = "<group>"; };
		8AC912641EF6D2150095AA9B /* Game.hpp */ = {isa = PBXFileReference; fileEncoding = 4; lastKnownFileType = sourcecode.cpp.h; path = Game.hpp; sourceTree = "<group>"; };
		8AC912671EF6D3020095AA9B /* OCPP_Game.mm */ = {isa = PBXFileReference; fileEncoding = 4; lastKnownFileType = sourcecode.cpp.objcpp; path = OCPP_Game.mm; sourceTree = "<group>"; };
		8AC912691EF6D31E0095AA9B /* OCPP_Game.h */ = {isa = PBXFileReference; fileEncoding = 4; lastKnownFileType = sourcecode.c.h; path = OCPP_Game.h; sourceTree = "<group>"; };
		8AE985021E5B110F00EA0EA5 /* Window */ = {isa = PBXFileReference; explicitFileType = "compiled.mach-o.executable"; includeInIndex = 0; path = Window; sourceTree = BUILT_PRODUCTS_DIR; };
		8AE985051E5B110F00EA0EA5 /* main.swift */ = {isa = PBXFileReference; lastKnownFileType = sourcecode.swift; path = main.swift; sourceTree = "<group>"; };
		8AE9850C1E5B128300EA0EA5 /* PAView.swift */ = {isa = PBXFileReference; fileEncoding = 4; lastKnownFileType = sourcecode.swift; path = PAView.swift; sourceTree = "<group>"; };
		8AE9850E1E5B135D00EA0EA5 /* PAViewController.swift */ = {isa = PBXFileReference; fileEncoding = 4; lastKnownFileType = sourcecode.swift; path = PAViewController.swift; sourceTree = "<group>"; };
/* End PBXFileReference section */

/* Begin PBXFrameworksBuildPhase section */
		8AE984FF1E5B110F00EA0EA5 /* Frameworks */ = {
			isa = PBXFrameworksBuildPhase;
			buildActionMask = 2147483647;
			files = (
			);
			runOnlyForDeploymentPostprocessing = 0;
		};
/* End PBXFrameworksBuildPhase section */

/* Begin PBXGroup section */
		8AC912661EF6D2260095AA9B /* C++ */ = {
			isa = PBXGroup;
			children = (
				8AC912631EF6D2150095AA9B /* Game.cpp */,
				8AC912641EF6D2150095AA9B /* Game.hpp */,
				8A1605151EF6EE0300F9E916 /* Input.cpp */,
				8A1605161EF6EE0300F9E916 /* Input.hpp */,
				8A1605181EF6EF0900F9E916 /* Types.hpp */,
				8A1605191EF6FA3900F9E916 /* Controller.cpp */,
				8A16051A1EF6FA3900F9E916 /* Controller.hpp */,
			);
			name = "C++";
			path = Window;
			sourceTree = "<group>";
		};
		8AC9126A1EF6E7770095AA9B /* OBJC++ */ = {
			isa = PBXGroup;
			children = (
				8AC912671EF6D3020095AA9B /* OCPP_Game.mm */,
				8AC912691EF6D31E0095AA9B /* OCPP_Game.h */,
			);
			name = "OBJC++";
			path = Window;
			sourceTree = "<group>";
		};
		8AE984F91E5B110F00EA0EA5 = {
			isa = PBXGroup;
			children = (
				8AE985041E5B110F00EA0EA5 /* Window */,
				8AC9126A1EF6E7770095AA9B /* OBJC++ */,
				8AC912661EF6D2260095AA9B /* C++ */,
				8AE985031E5B110F00EA0EA5 /* Products */,
			);
			sourceTree = "<group>";
		};
		8AE985031E5B110F00EA0EA5 /* Products */ = {
			isa = PBXGroup;
			children = (
				8AE985021E5B110F00EA0EA5 /* Window */,
			);
			name = Products;
			sourceTree = "<group>";
		};
		8AE985041E5B110F00EA0EA5 /* Window */ = {
			isa = PBXGroup;
			children = (
				8AE985051E5B110F00EA0EA5 /* main.swift */,
				8AE9850C1E5B128300EA0EA5 /* PAView.swift */,
				8AE9850E1E5B135D00EA0EA5 /* PAViewController.swift */,
				8AC9125F1EF6CCBB0095AA9B /* Brigde.h */,
			);
			path = Window;
			sourceTree = "<group>";
		};
/* End PBXGroup section */

/* Begin PBXNativeTarget section */
		8AE985011E5B110F00EA0EA5 /* Window */ = {
			isa = PBXNativeTarget;
			buildConfigurationList = 8AE985091E5B110F00EA0EA5 /* Build configuration list for PBXNativeTarget "Window" */;
			buildPhases = (
				8AE984FE1E5B110F00EA0EA5 /* Sources */,
				8AE984FF1E5B110F00EA0EA5 /* Frameworks */,
				8AE985001E5B110F00EA0EA5 /* CopyFiles */,
			);
			buildRules = (
			);
			dependencies = (
			);
			name = Window;
			productName = Window;
			productReference = 8AE985021E5B110F00EA0EA5 /* Window */;
			productType = "com.apple.product-type.tool";
		};
/* End PBXNativeTarget section */

/* Begin PBXProject section */
		8AE984FA1E5B110F00EA0EA5 /* Project object */ = {
			isa = PBXProject;
			attributes = {
				LastSwiftUpdateCheck = 0820;
				LastUpgradeCheck = 0820;
				ORGANIZATIONNAME = ProjektBlue;
				TargetAttributes = {
					8AE985011E5B110F00EA0EA5 = {
						CreatedOnToolsVersion = 8.2.1;
						DevelopmentTeam = X9XHJ6AQ72;
						LastSwiftMigration = 0830;
						ProvisioningStyle = Automatic;
					};
				};
			};
			buildConfigurationList = 8AE984FD1E5B110F00EA0EA5 /* Build configuration list for PBXProject "Window" */;
			compatibilityVersion = "Xcode 3.2";
			developmentRegion = English;
			hasScannedForEncodings = 0;
			knownRegions = (
				en,
			);
			mainGroup = 8AE984F91E5B110F00EA0EA5;
			productRefGroup = 8AE985031E5B110F00EA0EA5 /* Products */;
			projectDirPath = "";
			projectRoot = "";
			targets = (
				8AE985011E5B110F00EA0EA5 /* Window */,
			);
		};
/* End PBXProject section */

/* Begin PBXSourcesBuildPhase section */
		8AE984FE1E5B110F00EA0EA5 /* Sources */ = {
			isa = PBXSourcesBuildPhase;
			buildActionMask = 2147483647;
			files = (
				8AE9850F1E5B135D00EA0EA5 /* PAViewController.swift in Sources */,
				8AC912681EF6D3020095AA9B /* OCPP_Game.mm in Sources */,
				8A1605171EF6EE0300F9E916 /* Input.cpp in Sources */,
				8AE985061E5B110F00EA0EA5 /* main.swift in Sources */,
				8AE9850D1E5B128300EA0EA5 /* PAView.swift in Sources */,
				8A16051B1EF6FA3900F9E916 /* Controller.cpp in Sources */,
				8AC912651EF6D2150095AA9B /* Game.cpp in Sources */,
			);
			runOnlyForDeploymentPostprocessing = 0;
		};
/* End PBXSourcesBuildPhase section */

/* Begin XCBuildConfiguration section */
		8AE985071E5B110F00EA0EA5 /* Debug */ = {
			isa = XCBuildConfiguration;
			buildSettings = {
				ALWAYS_SEARCH_USER_PATHS = NO;
				CLANG_ANALYZER_NONNULL = YES;
				CLANG_CXX_LANGUAGE_STANDARD = "gnu++0x";
				CLANG_CXX_LIBRARY = "libc++";
				CLANG_ENABLE_MODULES = YES;
				CLANG_ENABLE_OBJC_ARC = YES;
				CLANG_WARN_BOOL_CONVERSION = YES;
				CLANG_WARN_CONSTANT_CONVERSION = YES;
				CLANG_WARN_DIRECT_OBJC_ISA_USAGE = YES_ERROR;
				CLANG_WARN_DOCUMENTATION_COMMENTS = YES;
				CLANG_WARN_EMPTY_BODY = YES;
				CLANG_WARN_ENUM_CONVERSION = YES;
				CLANG_WARN_INFINITE_RECURSION = YES;
				CLANG_WARN_INT_CONVERSION = YES;
				CLANG_WARN_OBJC_ROOT_CLASS = YES_ERROR;
				CLANG_WARN_SUSPICIOUS_MOVE = YES;
				CLANG_WARN_UNREACHABLE_CODE = YES;
				CLANG_WARN__DUPLICATE_METHOD_MATCH = YES;
				CODE_SIGN_IDENTITY = "-";
				COPY_PHASE_STRIP = NO;
				DEBUG_INFORMATION_FORMAT = dwarf;
				ENABLE_STRICT_OBJC_MSGSEND = YES;
				ENABLE_TESTABILITY = YES;
				GCC_C_LANGUAGE_STANDARD = gnu99;
				GCC_DYNAMIC_NO_PIC = NO;
				GCC_NO_COMMON_BLOCKS = YES;
				GCC_OPTIMIZATION_LEVEL = 0;
				GCC_PREPROCESSOR_DEFINITIONS = (
					"DEBUG=1",
					"$(inherited)",
				);
				GCC_WARN_64_TO_32_BIT_CONVERSION = YES;
				GCC_WARN_ABOUT_RETURN_TYPE = YES_ERROR;
				GCC_WARN_UNDECLARED_SELECTOR = YES;
				GCC_WARN_UNINITIALIZED_AUTOS = YES_AGGRESSIVE;
				GCC_WARN_UNUSED_FUNCTION = YES;
				GCC_WARN_UNUSED_VARIABLE = YES;
				MACOSX_DEPLOYMENT_TARGET = 10.12;
				MTL_ENABLE_DEBUG_INFO = YES;
				ONLY_ACTIVE_ARCH = YES;
				SDKROOT = macosx;
				SWIFT_OPTIMIZATION_LEVEL = "-Onone";
			};
			name = Debug;
		};
		8AE985081E5B110F00EA0EA5 /* Release */ = {
			isa = XCBuildConfiguration;
			buildSettings = {
				ALWAYS_SEARCH_USER_PATHS = NO;
				CLANG_ANALYZER_NONNULL = YES;
				CLANG_CXX_LANGUAGE_STANDARD = "gnu++0x";
				CLANG_CXX_LIBRARY = "libc++";
				CLANG_ENABLE_MODULES = YES;
				CLANG_ENABLE_OBJC_ARC = YES;
				CLANG_WARN_BOOL_CONVERSION = YES;
				CLANG_WARN_CONSTANT_CONVERSION = YES;
				CLANG_WARN_DIRECT_OBJC_ISA_USAGE = YES_ERROR;
				CLANG_WARN_DOCUMENTATION_COMMENTS = YES;
				CLANG_WARN_EMPTY_BODY = YES;
				CLANG_WARN_ENUM_CONVERSION = YES;
				CLANG_WARN_INFINITE_RECURSION = YES;
				CLANG_WARN_INT_CONVERSION = YES;
				CLANG_WARN_OBJC_ROOT_CLASS = YES_ERROR;
				CLANG_WARN_SUSPICIOUS_MOVE = YES;
				CLANG_WARN_UNREACHABLE_CODE = YES;
				CLANG_WARN__DUPLICATE_METHOD_MATCH = YES;
				CODE_SIGN_IDENTITY = "-";
				COPY_PHASE_STRIP = NO;
				DEBUG_INFORMATION_FORMAT = "dwarf-with-dsym";
				ENABLE_NS_ASSERTIONS = NO;
				ENABLE_STRICT_OBJC_MSGSEND = YES;
				GCC_C_LANGUAGE_STANDARD = gnu99;
				GCC_NO_COMMON_BLOCKS = YES;
				GCC_WARN_64_TO_32_BIT_CONVERSION = YES;
				GCC_WARN_ABOUT_RETURN_TYPE = YES_ERROR;
				GCC_WARN_UNDECLARED_SELECTOR = YES;
				GCC_WARN_UNINITIALIZED_AUTOS = YES_AGGRESSIVE;
				GCC_WARN_UNUSED_FUNCTION = YES;
				GCC_WARN_UNUSED_VARIABLE = YES;
				MACOSX_DEPLOYMENT_TARGET = 10.12;
				MTL_ENABLE_DEBUG_INFO = NO;
				SDKROOT = macosx;
			};
			name = Release;
		};
		8AE9850A1E5B110F00EA0EA5 /* Debug */ = {
			isa = XCBuildConfiguration;
			buildSettings = {
				CLANG_ENABLE_MODULES = YES;
				DEVELOPMENT_TEAM = X9XHJ6AQ72;
				GCC_FAST_MATH = YES;
				LD_RUNPATH_SEARCH_PATHS = "$(inherited) @executable_path/../Frameworks @loader_path/../Frameworks";
				PRODUCT_NAME = "$(TARGET_NAME)";
				STRINGS_FILE_OUTPUT_ENCODING = "UTF-8";
				SWIFT_OBJC_BRIDGING_HEADER = Window/Brigde.h;
				SWIFT_OPTIMIZATION_LEVEL = "-Onone";
				SWIFT_VERSION = 3.0;
			};
			name = Debug;
		};
		8AE9850B1E5B110F00EA0EA5 /* Release */ = {
			isa = XCBuildConfiguration;
			buildSettings = {
				CLANG_ENABLE_MODULES = YES;
				DEVELOPMENT_TEAM = X9XHJ6AQ72;
				GCC_FAST_MATH = YES;
				LD_RUNPATH_SEARCH_PATHS = "$(inherited) @executable_path/../Frameworks @loader_path/../Frameworks";
				PRODUCT_NAME = "$(TARGET_NAME)";
				STRINGS_FILE_OUTPUT_ENCODING = "UTF-8";
				SWIFT_OBJC_BRIDGING_HEADER = Window/Brigde.h;
				SWIFT_VERSION = 3.0;
			};
			name = Release;
		};
/* End XCBuildConfiguration section */

/* Begin XCConfigurationList section */
		8AE984FD1E5B110F00EA0EA5 /* Build configuration list for PBXProject "Window" */ = {
			isa = XCConfigurationList;
			buildConfigurations = (
				8AE985071E5B110F00EA0EA5 /* Debug */,
				8AE985081E5B110F00EA0EA5 /* Release */,
			);
			defaultConfigurationIsVisible = 0;
			defaultConfigurationName = Release;
		};
		8AE985091E5B110F00EA0EA5 /* Build configuration list for PBXNativeTarget "Window" */ = {
			isa = XCConfigurationList;
			buildConfigurations = (
				8AE9850A1E5B110F00EA0EA5 /* Debug */,
				8AE9850B1E5B110F00EA0EA5 /* Release */,
			);
			defaultConfigurationIsVisible = 0;
			defaultConfigurationName = Release;
		};
/* End XCConfigurationList section */
	};
	rootObject = 8AE984FA1E5B110F00EA0EA5 /* Project object */;
}
